PODS:
  - IQKeyboardManager (6.5.19)
  - SwiftyStoreKit (0.16.1)
  - Toast-Swift (5.1.1)

DEPENDENCIES:
  - IQKeyboardManager
  - SwiftyStoreKit
  - Toast-Swift

SPEC REPOS:
  trunk:
    - IQKeyboardManager
    - SwiftyStoreKit
    - Toast-Swift

SPEC CHECKSUMS:
  IQKeyboardManager: c8665b3396bd0b79402b4c573eac345a31c7d485
  SwiftyStoreKit: 6b9c08810269f030586dac1fae8e75871a82e84a
  Toast-Swift: 7a03a532afe3a560d4044bc7c237e2864d295173

PODFILE CHECKSUM: 3c4850a0e6978665972104f97941df6e379dcbfe

COCOAPODS: 1.16.2
